// !$*UTF8*$!
{
	archiveVersion = 1;
	classes = {
	};
	objectVersion = 46;
	objects = {

/* Begin PBXBuildFile section */
		CCE67EBE1C2AAEA6001C2E97 /* main.m in Sources */ = {isa = PBXBuildFile; fileRef = CCE67EBD1C2AAEA6001C2E97 /* main.m */; };
		CCE67EC11C2AAEA6001C2E97 /* AppDelegate.m in Sources */ = {isa = PBXBuildFile; fileRef = CCE67EC01C2AAEA6001C2E97 /* AppDelegate.m */; };
		CCE67EC41C2AAEA6001C2E97 /* FirstViewController.m in Sources */ = {isa = PBXBuildFile; fileRef = CCE67EC31C2AAEA6001C2E97 /* FirstViewController.m */; };
		CCE67EC71C2AAEA6001C2E97 /* SecondViewController.m in Sources */ = {isa = PBXBuildFile; fileRef = CCE67EC61C2AAEA6001C2E97 /* SecondViewController.m */; };
		CCE67ECA1C2AAEA6001C2E97 /* Main.storyboard in Resources */ = {isa = PBXBuildFile; fileRef = CCE67EC81C2AAEA6001C2E97 /* Main.storyboard */; };
		CCE67ECC1C2AAEA6001C2E97 /* Assets.xcassets in Resources */ = {isa = PBXBuildFile; fileRef = CCE67ECB1C2AAEA6001C2E97 /* Assets.xcassets */; };
		CCE67ECF1C2AAEA6001C2E97 /* LaunchScreen.storyboard in Resources */ = {isa = PBXBuildFile; fileRef = CCE67ECD1C2AAEA6001C2E97 /* LaunchScreen.storyboard */; };
		CCE67EDA1C2AAEA6001C2E97 /* TimeDrawerTests.m in Sources */ = {isa = PBXBuildFile; fileRef = CCE67ED91C2AAEA6001C2E97 /* TimeDrawerTests.m */; };
/* End PBXBuildFile section */

/* Begin PBXContainerItemProxy section */
		CCE67ED61C2AAEA6001C2E97 /* PBXContainerItemProxy */ = {
			isa = PBXContainerItemProxy;
			containerPortal = CCE67EB11C2AAEA6001C2E97 /* Project object */;
			proxyType = 1;
			remoteGlobalIDString = CCE67EB81C2AAEA6001C2E97;
			remoteInfo = TimeDrawer;
		};
/* End PBXContainerItemProxy section */

/* Begin PBXFileReference section */
		CCE67EB91C2AAEA6001C2E97 /* TimeDrawer.app */ = {isa = PBXFileReference; explicitFileType = wrapper.application; includeInIndex = 0; path = TimeDrawer.app; sourceTree = BUILT_PRODUCTS_DIR; };
		CCE67EBD1C2AAEA6001C2E97 /* main.m */ = {isa = PBXFileReference; lastKnownFileType = sourcecode.c.objc; path = main.m; sourceTree = "<group>"; };
		CCE67EBF1C2AAEA6001C2E97 /* AppDelegate.h */ = {isa = PBXFileReference; lastKnownFileType = sourcecode.c.h; path = AppDelegate.h; sourceTree = "<group>"; };
		CCE67EC01C2AAEA6001C2E97 /* AppDelegate.m */ = {isa = PBXFileReference; lastKnownFileType = sourcecode.c.objc; path = AppDelegate.m; sourceTree = "<group>"; };
		CCE67EC21C2AAEA6001C2E97 /* FirstViewController.h */ = {isa = PBXFileReference; lastKnownFileType = sourcecode.c.h; path = FirstViewController.h; sourceTree = "<group>"; };
		CCE67EC31C2AAEA6001C2E97 /* FirstViewController.m */ = {isa = PBXFileReference; lastKnownFileType = sourcecode.c.objc; path = FirstViewController.m; sourceTree = "<group>"; };
		CCE67EC51C2AAEA6001C2E97 /* SecondViewController.h */ = {isa = PBXFileReference; lastKnownFileType = sourcecode.c.h; path = SecondViewController.h; sourceTree = "<group>"; };
		CCE67EC61C2AAEA6001C2E97 /* SecondViewController.m */ = {isa = PBXFileReference; lastKnownFileType = sourcecode.c.objc; path = SecondViewController.m; sourceTree = "<group>"; };
		CCE67EC91C2AAEA6001C2E97 /* Base */ = {isa = PBXFileReference; lastKnownFileType = file.storyboard; name = Base; path = Base.lproj/Main.storyboard; sourceTree = "<group>"; };
		CCE67ECB1C2AAEA6001C2E97 /* Assets.xcassets */ = {isa = PBXFileReference; lastKnownFileType = folder.assetcatalog; path = Assets.xcassets; sourceTree = "<group>"; };
		CCE67ECE1C2AAEA6001C2E97 /* Base */ = {isa = PBXFileReference; lastKnownFileType = file.storyboard; name = Base; path = Base.lproj/LaunchScreen.storyboard; sourceTree = "<group>"; };
		CCE67ED01C2AAEA6001C2E97 /* Info.plist */ = {isa = PBXFileReference; lastKnownFileType = text.plist.xml; path = Info.plist; sourceTree = "<group>"; };
		CCE67ED51C2AAEA6001C2E97 /* TimeDrawerTests.xctest */ = {isa = PBXFileReference; explicitFileType = wrapper.cfbundle; includeInIndex = 0; path = TimeDrawerTests.xctest; sourceTree = BUILT_PRODUCTS_DIR; };
		CCE67ED91C2AAEA6001C2E97 /* TimeDrawerTests.m */ = {isa = PBXFileReference; lastKnownFileType = sourcecode.c.objc; path = TimeDrawerTests.m; sourceTree = "<group>"; };
		CCE67EDB1C2AAEA6001C2E97 /* Info.plist */ = {isa = PBXFileReference; lastKnownFileType = text.plist.xml; path = Info.plist; sourceTree = "<group>"; };
/* End PBXFileReference section */

/* Begin PBXFrameworksBuildPhase section */
		CCE67EB61C2AAEA6001C2E97 /* Frameworks */ = {
			isa = PBXFrameworksBuildPhase;
			buildActionMask = 2147483647;
			files = (
			);
			runOnlyForDeploymentPostprocessing = 0;
		};
		CCE67ED21C2AAEA6001C2E97 /* Frameworks */ = {
			isa = PBXFrameworksBuildPhase;
			buildActionMask = 2147483647;
			files = (
			);
			runOnlyForDeploymentPostprocessing = 0;
		};
/* End PBXFrameworksBuildPhase section */

/* Begin PBXGroup section */
		CCE67EB01C2AAEA6001C2E97 = {
			isa = PBXGroup;
			children = (
				CCE67EBB1C2AAEA6001C2E97 /* TimeDrawer */,
				CCE67ED81C2AAEA6001C2E97 /* TimeDrawerTests */,
				CCE67EBA1C2AAEA6001C2E97 /* Products */,
			);
			sourceTree = "<group>";
		};
		CCE67EBA1C2AAEA6001C2E97 /* Products */ = {
			isa = PBXGroup;
			children = (
				CCE67EB91C2AAEA6001C2E97 /* TimeDrawer.app */,
				CCE67ED51C2AAEA6001C2E97 /* TimeDrawerTests.xctest */,
			);
			name = Products;
			sourceTree = "<group>";
		};
		CCE67EBB1C2AAEA6001C2E97 /* TimeDrawer */ = {
			isa = PBXGroup;
			children = (
				CCE67EBF1C2AAEA6001C2E97 /* AppDelegate.h */,
				CCE67EC01C2AAEA6001C2E97 /* AppDelegate.m */,
				CCE67EC21C2AAEA6001C2E97 /* FirstViewController.h */,
				CCE67EC31C2AAEA6001C2E97 /* FirstViewController.m */,
				CCE67EC51C2AAEA6001C2E97 /* SecondViewController.h */,
				CCE67EC61C2AAEA6001C2E97 /* SecondViewController.m */,
				CCE67EC81C2AAEA6001C2E97 /* Main.storyboard */,
				CCE67ECB1C2AAEA6001C2E97 /* Assets.xcassets */,
				CCE67ECD1C2AAEA6001C2E97 /* LaunchScreen.storyboard */,
				CCE67ED01C2AAEA6001C2E97 /* Info.plist */,
				CCE67EBC1C2AAEA6001C2E97 /* Supporting Files */,
			);
			path = TimeDrawer;
			sourceTree = "<group>";
		};
		CCE67EBC1C2AAEA6001C2E97 /* Supporting Files */ = {
			isa = PBXGroup;
			children = (
				CCE67EBD1C2AAEA6001C2E97 /* main.m */,
			);
			name = "Supporting Files";
			sourceTree = "<group>";
		};
		CCE67ED81C2AAEA6001C2E97 /* TimeDrawerTests */ = {
			isa = PBXGroup;
			children = (
				CCE67ED91C2AAEA6001C2E97 /* TimeDrawerTests.m */,
				CCE67EDB1C2AAEA6001C2E97 /* Info.plist */,
			);
			path = TimeDrawerTests;
			sourceTree = "<group>";
		};
/* End PBXGroup section */

/* Begin PBXNativeTarget section */
		CCE67EB81C2AAEA6001C2E97 /* TimeDrawer */ = {
			isa = PBXNativeTarget;
			buildConfigurationList = CCE67EDE1C2AAEA6001C2E97 /* Build configuration list for PBXNativeTarget "TimeDrawer" */;
			buildPhases = (
				CCE67EB51C2AAEA6001C2E97 /* Sources */,
				CCE67EB61C2AAEA6001C2E97 /* Frameworks */,
				CCE67EB71C2AAEA6001C2E97 /* Resources */,
			);
			buildRules = (
			);
			dependencies = (
			);
			name = TimeDrawer;
			productName = TimeDrawer;
			productReference = CCE67EB91C2AAEA6001C2E97 /* TimeDrawer.app */;
			productType = "com.apple.product-type.application";
		};
		CCE67ED41C2AAEA6001C2E97 /* TimeDrawerTests */ = {
			isa = PBXNativeTarget;
			buildConfigurationList = CCE67EE11C2AAEA6001C2E97 /* Build configuration list for PBXNativeTarget "TimeDrawerTests" */;
			buildPhases = (
				CCE67ED11C2AAEA6001C2E97 /* Sources */,
				CCE67ED21C2AAEA6001C2E97 /* Frameworks */,
				CCE67ED31C2AAEA6001C2E97 /* Resources */,
			);
			buildRules = (
			);
			dependencies = (
				CCE67ED71C2AAEA6001C2E97 /* PBXTargetDependency */,
			);
			name = TimeDrawerTests;
			productName = TimeDrawerTests;
			productReference = CCE67ED51C2AAEA6001C2E97 /* TimeDrawerTests.xctest */;
			productType = "com.apple.product-type.bundle.unit-test";
		};
/* End PBXNativeTarget section */

/* Begin PBXProject section */
		CCE67EB11C2AAEA6001C2E97 /* Project object */ = {
			isa = PBXProject;
			attributes = {
				LastUpgradeCheck = 0720;
				ORGANIZATIONNAME = lushangshu;
				TargetAttributes = {
					CCE67EB81C2AAEA6001C2E97 = {
						CreatedOnToolsVersion = 7.2;
						DevelopmentTeam = 4HE4G9ZA7M;
					};
					CCE67ED41C2AAEA6001C2E97 = {
						CreatedOnToolsVersion = 7.2;
						DevelopmentTeam = 4HE4G9ZA7M;
						TestTargetID = CCE67EB81C2AAEA6001C2E97;
					};
				};
			};
			buildConfigurationList = CCE67EB41C2AAEA6001C2E97 /* Build configuration list for PBXProject "TimeDrawer" */;
			compatibilityVersion = "Xcode 3.2";
			developmentRegion = English;
			hasScannedForEncodings = 0;
			knownRegions = (
				en,
				Base,
			);
			mainGroup = CCE67EB01C2AAEA6001C2E97;
			productRefGroup = CCE67EBA1C2AAEA6001C2E97 /* Products */;
			projectDirPath = "";
			projectRoot = "";
			targets = (
				CCE67EB81C2AAEA6001C2E97 /* TimeDrawer */,
				CCE67ED41C2AAEA6001C2E97 /* TimeDrawerTests */,
			);
		};
/* End PBXProject section */

/* Begin PBXResourcesBuildPhase section */
		CCE67EB71C2AAEA6001C2E97 /* Resources */ = {
			isa = PBXResourcesBuildPhase;
			buildActionMask = 2147483647;
			files = (
				CCE67ECF1C2AAEA6001C2E97 /* LaunchScreen.storyboard in Resources */,
				CCE67ECC1C2AAEA6001C2E97 /* Assets.xcassets in Resources */,
				CCE67ECA1C2AAEA6001C2E97 /* Main.storyboard in Resources */,
			);
			runOnlyForDeploymentPostprocessing = 0;
		};
		CCE67ED31C2AAEA6001C2E97 /* Resources */ = {
			isa = PBXResourcesBuildPhase;
			buildActionMask = 2147483647;
			files = (
			);
			runOnlyForDeploymentPostprocessing = 0;
		};
/* End PBXResourcesBuildPhase section */

/* Begin PBXSourcesBuildPhase section */
		CCE67EB51C2AAEA6001C2E97 /* Sources */ = {
			isa = PBXSourcesBuildPhase;
			buildActionMask = 2147483647;
			files = (
				CCE67EC71C2AAEA6001C2E97 /* SecondViewController.m in Sources */,
				CCE67EC11C2AAEA6001C2E97 /* AppDelegate.m in Sources */,
				CCE67EC41C2AAEA6001C2E97 /* FirstViewController.m in Sources */,
				CCE67EBE1C2AAEA6001C2E97 /* main.m in Sources */,
			);
			runOnlyForDeploymentPostprocessing = 0;
		};
		CCE67ED11C2AAEA6001C2E97 /* Sources */ = {
			isa = PBXSourcesBuildPhase;
			buildActionMask = 2147483647;
			files = (
				CCE67EDA1C2AAEA6001C2E97 /* TimeDrawerTests.m in Sources */,
			);
			runOnlyForDeploymentPostprocessing = 0;
		};
/* End PBXSourcesBuildPhase section */

/* Begin PBXTargetDependency section */
		CCE67ED71C2AAEA6001C2E97 /* PBXTargetDependency */ = {
			isa = PBXTargetDependency;
			target = CCE67EB81C2AAEA6001C2E97 /* TimeDrawer */;
			targetProxy = CCE67ED61C2AAEA6001C2E97 /* PBXContainerItemProxy */;
		};
/* End PBXTargetDependency section */

/* Begin PBXVariantGroup section */
		CCE67EC81C2AAEA6001C2E97 /* Main.storyboard */ = {
			isa = PBXVariantGroup;
			children = (
				CCE67EC91C2AAEA6001C2E97 /* Base */,
			);
			name = Main.storyboard;
			sourceTree = "<group>";
		};
		CCE67ECD1C2AAEA6001C2E97 /* LaunchScreen.storyboard */ = {
			isa = PBXVariantGroup;
			children = (
				CCE67ECE1C2AAEA6001C2E97 /* Base */,
			);
			name = LaunchScreen.storyboard;
			sourceTree = "<group>";
		};
/* End PBXVariantGroup section */

/* Begin XCBuildConfiguration section */
		CCE67EDC1C2AAEA6001C2E97 /* Debug */ = {
			isa = XCBuildConfiguration;
			buildSettings = {
				ALWAYS_SEARCH_USER_PATHS = NO;
				CLANG_CXX_LANGUAGE_STANDARD = "gnu++0x";
				CLANG_CXX_LIBRARY = "libc++";
				CLANG_ENABLE_MODULES = YES;
				CLANG_ENABLE_OBJC_ARC = YES;
				CLANG_WARN_BOOL_CONVERSION = YES;
				CLANG_WARN_CONSTANT_CONVERSION = YES;
				CLANG_WARN_DIRECT_OBJC_ISA_USAGE = YES_ERROR;
				CLANG_WARN_EMPTY_BODY = YES;
				CLANG_WARN_ENUM_CONVERSION = YES;
				CLANG_WARN_INT_CONVERSION = YES;
				CLANG_WARN_OBJC_ROOT_CLASS = YES_ERROR;
				CLANG_WARN_UNREACHABLE_CODE = YES;
				CLANG_WARN__DUPLICATE_METHOD_MATCH = YES;
				"CODE_SIGN_IDENTITY[sdk=iphoneos*]" = "iPhone Developer";
				COPY_PHASE_STRIP = NO;
				DEBUG_INFORMATION_FORMAT = dwarf;
				ENABLE_STRICT_OBJC_MSGSEND = YES;
				ENABLE_TESTABILITY = YES;
				GCC_C_LANGUAGE_STANDARD = gnu99;
				GCC_DYNAMIC_NO_PIC = NO;
				GCC_NO_COMMON_BLOCKS = YES;
				GCC_OPTIMIZATION_LEVEL = 0;
				GCC_PREPROCESSOR_DEFINITIONS = (
					"DEBUG=1",
					"$(inherited)",
				);
				GCC_WARN_64_TO_32_BIT_CONVERSION = YES;
				GCC_WARN_ABOUT_RETURN_TYPE = YES_ERROR;
				GCC_WARN_UNDECLARED_SELECTOR = YES;
				GCC_WARN_UNINITIALIZED_AUTOS = YES_AGGRESSIVE;
				GCC_WARN_UNUSED_FUNCTION = YES;
				GCC_WARN_UNUSED_VARIABLE = YES;
				IPHONEOS_DEPLOYMENT_TARGET = 9.2;
				MTL_ENABLE_DEBUG_INFO = YES;
				ONLY_ACTIVE_ARCH = YES;
				SDKROOT = iphoneos;
			};
			name = Debug;
		};
		CCE67EDD1C2AAEA6001C2E97 /* Release */ = {
			isa = XCBuildConfiguration;
			buildSettings = {
				ALWAYS_SEARCH_USER_PATHS = NO;
				CLANG_CXX_LANGUAGE_STANDARD = "gnu++0x";
				CLANG_CXX_LIBRARY = "libc++";
				CLANG_ENABLE_MODULES = YES;
				CLANG_ENABLE_OBJC_ARC = YES;
				CLANG_WARN_BOOL_CONVERSION = YES;
				CLANG_WARN_CONSTANT_CONVERSION = YES;
				CLANG_WARN_DIRECT_OBJC_ISA_USAGE = YES_ERROR;
				CLANG_WARN_EMPTY_BODY = YES;
				CLANG_WARN_ENUM_CONVERSION = YES;
				CLANG_WARN_INT_CONVERSION = YES;
				CLANG_WARN_OBJC_ROOT_CLASS = YES_ERROR;
				CLANG_WARN_UNREACHABLE_CODE = YES;
				CLANG_WARN__DUPLICATE_METHOD_MATCH = YES;
				"CODE_SIGN_IDENTITY[sdk=iphoneos*]" = "iPhone Developer";
				COPY_PHASE_STRIP = NO;
				DEBUG_INFORMATION_FORMAT = "dwarf-with-dsym";
				ENABLE_NS_ASSERTIONS = NO;
				ENABLE_STRICT_OBJC_MSGSEND = YES;
				GCC_C_LANGUAGE_STANDARD = gnu99;
				GCC_NO_COMMON_BLOCKS = YES;
				GCC_WARN_64_TO_32_BIT_CONVERSION = YES;
				GCC_WARN_ABOUT_RETURN_TYPE = YES_ERROR;
				GCC_WARN_UNDECLARED_SELECTOR = YES;
				GCC_WARN_UNINITIALIZED_AUTOS = YES_AGGRESSIVE;
				GCC_WARN_UNUSED_FUNCTION = YES;
				GCC_WARN_UNUSED_VARIABLE = YES;
				IPHONEOS_DEPLOYMENT_TARGET = 9.2;
				MTL_ENABLE_DEBUG_INFO = NO;
				SDKROOT = iphoneos;
				VALIDATE_PRODUCT = YES;
			};
			name = Release;
		};
		CCE67EDF1C2AAEA6001C2E97 /* Debug */ = {
			isa = XCBuildConfiguration;
			buildSettings = {
				ASSETCATALOG_COMPILER_APPICON_NAME = AppIcon;
				INFOPLIST_FILE = TimeDrawer/Info.plist;
				IPHONEOS_DEPLOYMENT_TARGET = 7.0;
				LD_RUNPATH_SEARCH_PATHS = "$(inherited) @executable_path/Frameworks";
				PRODUCT_BUNDLE_IDENTIFIER = com.zhugeislss.TimeDrawer;
				PRODUCT_NAME = "$(TARGET_NAME)";
			};
			name = Debug;
		};
		CCE67EE01C2AAEA6001C2E97 /* Release */ = {
			isa = XCBuildConfiguration;
			buildSettings = {
				ASSETCATALOG_COMPILER_APPICON_NAME = AppIcon;
				INFOPLIST_FILE = TimeDrawer/Info.plist;
				IPHONEOS_DEPLOYMENT_TARGET = 7.0;
				LD_RUNPATH_SEARCH_PATHS = "$(inherited) @executable_path/Frameworks";
				PRODUCT_BUNDLE_IDENTIFIER = com.zhugeislss.TimeDrawer;
				PRODUCT_NAME = "$(TARGET_NAME)";
			};
			name = Release;
		};
		CCE67EE21C2AAEA6001C2E97 /* Debug */ = {
			isa = XCBuildConfiguration;
			buildSettings = {
				BUNDLE_LOADER = "$(TEST_HOST)";
				INFOPLIST_FILE = TimeDrawerTests/Info.plist;
				LD_RUNPATH_SEARCH_PATHS = "$(inherited) @executable_path/Frameworks @loader_path/Frameworks";
				PRODUCT_BUNDLE_IDENTIFIER = com.zhugeislss.TimeDrawerTests;
				PRODUCT_NAME = "$(TARGET_NAME)";
				TEST_HOST = "$(BUILT_PRODUCTS_DIR)/TimeDrawer.app/TimeDrawer";
			};
			name = Debug;
		};
		CCE67EE31C2AAEA6001C2E97 /* Release */ = {
			isa = XCBuildConfiguration;
			buildSettings = {
				BUNDLE_LOADER = "$(TEST_HOST)";
				INFOPLIST_FILE = TimeDrawerTests/Info.plist;
				LD_RUNPATH_SEARCH_PATHS = "$(inherited) @executable_path/Frameworks @loader_path/Frameworks";
				PRODUCT_BUNDLE_IDENTIFIER = com.zhugeislss.TimeDrawerTests;
				PRODUCT_NAME = "$(TARGET_NAME)";
				TEST_HOST = "$(BUILT_PRODUCTS_DIR)/TimeDrawer.app/TimeDrawer";
			};
			name = Release;
		};
/* End XCBuildConfiguration section */

/* Begin XCConfigurationList section */
		CCE67EB41C2AAEA6001C2E97 /* Build configuration list for PBXProject "TimeDrawer" */ = {
			isa = XCConfigurationList;
			buildConfigurations = (
				CCE67EDC1C2AAEA6001C2E97 /* Debug */,
				CCE67EDD1C2AAEA6001C2E97 /* Release */,
			);
			defaultConfigurationIsVisible = 0;
			defaultConfigurationName = Release;
		};
		CCE67EDE1C2AAEA6001C2E97 /* Build configuration list for PBXNativeTarget "TimeDrawer" */ = {
			isa = XCConfigurationList;
			buildConfigurations = (
				CCE67EDF1C2AAEA6001C2E97 /* Debug */,
				CCE67EE01C2AAEA6001C2E97 /* Release */,
			);
			defaultConfigurationIsVisible = 0;
		};
		CCE67EE11C2AAEA6001C2E97 /* Build configuration list for PBXNativeTarget "TimeDrawerTests" */ = {
			isa = XCConfigurationList;
			buildConfigurations = (
				CCE67EE21C2AAEA6001C2E97 /* Debug */,
				CCE67EE31C2AAEA6001C2E97 /* Release */,
			);
			defaultConfigurationIsVisible = 0;
		};
/* End XCConfigurationList section */
	};
	rootObject = CCE67EB11C2AAEA6001C2E97 /* Project object */;
}
